
Microsoft Visual Studio Solution File, Format Version 12.00
# Visual Studio 14
VisualStudioVersion = 14.0.25420.1
MinimumVisualStudioVersion = 10.0.40219.1
Project("{2150E333-8FDC-42A3-9474-1A3956D46DE8}") = "_", "_", "{1AA6D6D6-EDD0-40E3-90BD-3F96AFFA7D92}"
	ProjectSection(SolutionItems) = preProject
		.gitattributes = .gitattributes
		.gitignore = .gitignore
		appveyor.yml = appveyor.yml
		global.json = global.json
		LICENSE = LICENSE
		README.md = README.md
	EndProjectSection
EndProject
Project("{2150E333-8FDC-42A3-9474-1A3956D46DE8}") = "src", "src", "{51B5AC96-CD24-4342-B808-F3C2785AEAB5}"
EndProject
Project("{2150E333-8FDC-42A3-9474-1A3956D46DE8}") = "test", "test", "{1CF3516D-0591-4945-A10E-33201B8802B2}"
EndProject
Project("{2150E333-8FDC-42A3-9474-1A3956D46DE8}") = "tools", "tools", "{4A33C2F4-E439-4134-8172-FA3B67CD2E2E}"
EndProject
Project("{2150E333-8FDC-42A3-9474-1A3956D46DE8}") = "samples", "samples", "{E46ECC89-5A1E-4513-9B8E-9EFAC9D60ACD}"
EndProject
Project("{8BB2217D-0F2D-49D1-97BC-3654ED321F3B}") = "AspNetCore.EmailMiddleware", "src\AspNetCore.EmailMiddleware\AspNetCore.EmailMiddleware.xproj", "{3CCD1DAC-DEE4-4CC4-B696-CB0C4D0A4EDC}"
EndProject
Project("{8BB2217D-0F2D-49D1-97BC-3654ED321F3B}") = "AspNetCore.EmailApi", "samples\AspNetCore.EmailApi\AspNetCore.EmailApi.xproj", "{F9850F08-132E-4E93-A863-127CF923E7D2}"
EndProject
Project("{8BB2217D-0F2D-49D1-97BC-3654ED321F3B}") = "AspNetCore.EmailMiddleware.Tests", "test\AspNetCore.EmailMiddleware.Tests\AspNetCore.EmailMiddleware.Tests.xproj", "{C9503D8A-7493-49C2-9AB7-C972D06F90B5}"
EndProject
Global
	GlobalSection(SolutionConfigurationPlatforms) = preSolution
		Debug|Any CPU = Debug|Any CPU
		Release|Any CPU = Release|Any CPU
	EndGlobalSection
	GlobalSection(ProjectConfigurationPlatforms) = postSolution
		{3CCD1DAC-DEE4-4CC4-B696-CB0C4D0A4EDC}.Debug|Any CPU.ActiveCfg = Debug|Any CPU
		{3CCD1DAC-DEE4-4CC4-B696-CB0C4D0A4EDC}.Debug|Any CPU.Build.0 = Debug|Any CPU
		{3CCD1DAC-DEE4-4CC4-B696-CB0C4D0A4EDC}.Release|Any CPU.ActiveCfg = Release|Any CPU
		{3CCD1DAC-DEE4-4CC4-B696-CB0C4D0A4EDC}.Release|Any CPU.Build.0 = Release|Any CPU
		{F9850F08-132E-4E93-A863-127CF923E7D2}.Debug|Any CPU.ActiveCfg = Debug|Any CPU
		{F9850F08-132E-4E93-A863-127CF923E7D2}.Debug|Any CPU.Build.0 = Debug|Any CPU
		{F9850F08-132E-4E93-A863-127CF923E7D2}.Release|Any CPU.ActiveCfg = Release|Any CPU
		{F9850F08-132E-4E93-A863-127CF923E7D2}.Release|Any CPU.Build.0 = Release|Any CPU
		{C9503D8A-7493-49C2-9AB7-C972D06F90B5}.Debug|Any CPU.ActiveCfg = Debug|Any CPU
		{C9503D8A-7493-49C2-9AB7-C972D06F90B5}.Debug|Any CPU.Build.0 = Debug|Any CPU
		{C9503D8A-7493-49C2-9AB7-C972D06F90B5}.Release|Any CPU.ActiveCfg = Release|Any CPU
		{C9503D8A-7493-49C2-9AB7-C972D06F90B5}.Release|Any CPU.Build.0 = Release|Any CPU
	EndGlobalSection
	GlobalSection(SolutionProperties) = preSolution
		HideSolutionNode = FALSE
	EndGlobalSection
	GlobalSection(NestedProjects) = preSolution
		{3CCD1DAC-DEE4-4CC4-B696-CB0C4D0A4EDC} = {51B5AC96-CD24-4342-B808-F3C2785AEAB5}
		{F9850F08-132E-4E93-A863-127CF923E7D2} = {E46ECC89-5A1E-4513-9B8E-9EFAC9D60ACD}
		{C9503D8A-7493-49C2-9AB7-C972D06F90B5} = {1CF3516D-0591-4945-A10E-33201B8802B2}
	EndGlobalSection
EndGlobal
